
Microsoft Visual Studio Solution File, Format Version 12.00
# Visual Studio Version 17
VisualStudioVersion = 17.6.33829.357
MinimumVisualStudioVersion = 10.0.40219.1
Project("{FAE04EC0-301F-11D3-BF4B-00C04F79EFBC}") = "FinalTask", "FinalTask\FinalTask.csproj", "{C9965109-D393-4348-8D81-5051F37C27F0}"
EndProject
Global
	GlobalSection(SolutionConfigurationPlatforms) = preSolution
		Debug|Any CPU = Debug|Any CPU
		Release|Any CPU = Release|Any CPU
	EndGlobalSection
	GlobalSection(ProjectConfigurationPlatforms) = postSolution
		{C9965109-D393-4348-8D81-5051F37C27F0}.Debug|Any CPU.ActiveCfg = Debug|Any CPU
		{C9965109-D393-4348-8D81-5051F37C27F0}.Debug|Any CPU.Build.0 = Debug|Any CPU
		{C9965109-D393-4348-8D81-5051F37C27F0}.Release|Any CPU.ActiveCfg = Release|Any CPU
		{C9965109-D393-4348-8D81-5051F37C27F0}.Release|Any CPU.Build.0 = Release|Any CPU
	EndGlobalSection
	GlobalSection(SolutionProperties) = preSolution
		HideSolutionNode = FALSE
	EndGlobalSection
	GlobalSection(ExtensibilityGlobals) = postSolution
		SolutionGuid = {8D821DCE-A288-4306-B401-C9A3022BF46B}
	EndGlobalSection
EndGlobal
